
Microsoft Visual Studio Solution File, Format Version 12.00
# Visual Studio 2015
Project("{FAE04EC0-301F-11D3-BF4B-00C04F79EFBC}") = "KingOfTheMicrowave", "KingOfTheMicrowave.csproj", "{7040BF60-F3A8-A3B1-E00F-7D95FA7409FA}"
EndProject
Project("{FAE04EC0-301F-11D3-BF4B-00C04F79EFBC}") = "KingOfTheMicrowave.Editor", "KingOfTheMicrowave.Editor.csproj", "{A48E4531-DFFA-66B1-6855-538BFF26262B}"
EndProject
Global
	GlobalSection(SolutionConfigurationPlatforms) = preSolution
		Debug|Any CPU = Debug|Any CPU
		Release|Any CPU = Release|Any CPU
	EndGlobalSection
	GlobalSection(ProjectConfigurationPlatforms) = postSolution
		{7040BF60-F3A8-A3B1-E00F-7D95FA7409FA}.Debug|Any CPU.ActiveCfg = Debug|Any CPU
		{7040BF60-F3A8-A3B1-E00F-7D95FA7409FA}.Debug|Any CPU.Build.0 = Debug|Any CPU
		{7040BF60-F3A8-A3B1-E00F-7D95FA7409FA}.Release|Any CPU.ActiveCfg = Release|Any CPU
		{7040BF60-F3A8-A3B1-E00F-7D95FA7409FA}.Release|Any CPU.Build.0 = Release|Any CPU
		{A48E4531-DFFA-66B1-6855-538BFF26262B}.Debug|Any CPU.ActiveCfg = Debug|Any CPU
		{A48E4531-DFFA-66B1-6855-538BFF26262B}.Debug|Any CPU.Build.0 = Debug|Any CPU
		{A48E4531-DFFA-66B1-6855-538BFF26262B}.Release|Any CPU.ActiveCfg = Release|Any CPU
		{A48E4531-DFFA-66B1-6855-538BFF26262B}.Release|Any CPU.Build.0 = Release|Any CPU
	EndGlobalSection
	GlobalSection(SolutionProperties) = preSolution
		HideSolutionNode = FALSE
	EndGlobalSection
EndGlobal
